// !$*UTF8*$!
{
	archiveVersion = 1;
	classes = {
	};
	objectVersion = 46;
	objects = {

/* Begin PBXBuildFile section */
		1F0A85061666947200FF2828 /* ViewListingViewController.m in Sources */ = {isa = PBXBuildFile; fileRef = 1F0A85051666947200FF2828 /* ViewListingViewController.m */; };
		1F0F710C1666EAF100D70861 /* background.jpg in Resources */ = {isa = PBXBuildFile; fileRef = 1F0F710B1666EAF100D70861 /* background.jpg */; };
		1F0F71101666EFFB00D70861 /* UnderConstructionViewController.m in Sources */ = {isa = PBXBuildFile; fileRef = 1F0F710F1666EFFB00D70861 /* UnderConstructionViewController.m */; };
		1F886C72166927C60052FE64 /* MyListingViewController.m in Sources */ = {isa = PBXBuildFile; fileRef = 1F886C71166927C60052FE64 /* MyListingViewController.m */; };
		1F89E60016581A9800FBC6E7 /* UIKit.framework in Frameworks */ = {isa = PBXBuildFile; fileRef = 1F89E5FF16581A9800FBC6E7 /* UIKit.framework */; };
		1F89E60216581A9800FBC6E7 /* Foundation.framework in Frameworks */ = {isa = PBXBuildFile; fileRef = 1F89E60116581A9800FBC6E7 /* Foundation.framework */; };
		1F89E60416581A9800FBC6E7 /* CoreGraphics.framework in Frameworks */ = {isa = PBXBuildFile; fileRef = 1F89E60316581A9800FBC6E7 /* CoreGraphics.framework */; };
		1F89E60A16581A9800FBC6E7 /* InfoPlist.strings in Resources */ = {isa = PBXBuildFile; fileRef = 1F89E60816581A9800FBC6E7 /* InfoPlist.strings */; };
		1F89E60C16581A9800FBC6E7 /* main.m in Sources */ = {isa = PBXBuildFile; fileRef = 1F89E60B16581A9800FBC6E7 /* main.m */; };
		1F89E61016581A9800FBC6E7 /* AppDelegate.m in Sources */ = {isa = PBXBuildFile; fileRef = 1F89E60F16581A9800FBC6E7 /* AppDelegate.m */; };
		1F89E61816581AD000FBC6E7 /* MainViewController.m in Sources */ = {isa = PBXBuildFile; fileRef = 1F89E61716581AD000FBC6E7 /* MainViewController.m */; };
		1F89E61A16581AF000FBC6E7 /* Storyboard.storyboard in Resources */ = {isa = PBXBuildFile; fileRef = 1F89E61916581AF000FBC6E7 /* Storyboard.storyboard */; };
		1FEF1847165FF9BB00AB5405 /* TPKeyboardAvoidingScrollView.m in Sources */ = {isa = PBXBuildFile; fileRef = 1FEF1846165FF9BB00AB5405 /* TPKeyboardAvoidingScrollView.m */; };
		1FEF184F165FFD9A00AB5405 /* CreateListingViewController.m in Sources */ = {isa = PBXBuildFile; fileRef = 1FEF184E165FFD9A00AB5405 /* CreateListingViewController.m */; };
		C98ACB111665B8EC00CF2A21 /* textbookTableViewController.m in Sources */ = {isa = PBXBuildFile; fileRef = C98ACB101665B8EC00CF2A21 /* textbookTableViewController.m */; };
		F14CDD42166926BD00740054 /* textbok_listing_Algorithm_Design.png in Resources */ = {isa = PBXBuildFile; fileRef = F14CDD3D166926BD00740054 /* textbok_listing_Algorithm_Design.png */; };
		F14CDD43166926BD00740054 /* textbok_listing_Calculus.png in Resources */ = {isa = PBXBuildFile; fileRef = F14CDD3E166926BD00740054 /* textbok_listing_Calculus.png */; };
		F14CDD44166926BD00740054 /* textbok_listing_Discrete.png in Resources */ = {isa = PBXBuildFile; fileRef = F14CDD3F166926BD00740054 /* textbok_listing_Discrete.png */; };
		F14CDD45166926BD00740054 /* textbok_listing_History.png in Resources */ = {isa = PBXBuildFile; fileRef = F14CDD40166926BD00740054 /* textbok_listing_History.png */; };
		F14CDD46166926BD00740054 /* textbok_listing_poetry.png in Resources */ = {isa = PBXBuildFile; fileRef = F14CDD41166926BD00740054 /* textbok_listing_poetry.png */; };
		F14CDD5E1669424500740054 /* enableDisableData.m in Sources */ = {isa = PBXBuildFile; fileRef = F14CDD5D1669424500740054 /* enableDisableData.m */; };
/* End PBXBuildFile section */

/* Begin PBXFileReference section */
		1F0A85041666947200FF2828 /* ViewListingViewController.h */ = {isa = PBXFileReference; fileEncoding = 4; lastKnownFileType = sourcecode.c.h; path = ViewListingViewController.h; sourceTree = "<group>"; };
		1F0A85051666947200FF2828 /* ViewListingViewController.m */ = {isa = PBXFileReference; fileEncoding = 4; lastKnownFileType = sourcecode.c.objc; path = ViewListingViewController.m; sourceTree = "<group>"; };
		1F0F710B1666EAF100D70861 /* background.jpg */ = {isa = PBXFileReference; lastKnownFileType = image.jpeg; path = background.jpg; sourceTree = "<group>"; };
		1F0F710E1666EFFB00D70861 /* UnderConstructionViewController.h */ = {isa = PBXFileReference; fileEncoding = 4; lastKnownFileType = sourcecode.c.h; path = UnderConstructionViewController.h; sourceTree = "<group>"; };
		1F0F710F1666EFFB00D70861 /* UnderConstructionViewController.m */ = {isa = PBXFileReference; fileEncoding = 4; lastKnownFileType = sourcecode.c.objc; path = UnderConstructionViewController.m; sourceTree = "<group>"; };
		1F886C70166927C60052FE64 /* MyListingViewController.h */ = {isa = PBXFileReference; fileEncoding = 4; lastKnownFileType = sourcecode.c.h; path = MyListingViewController.h; sourceTree = "<group>"; };
		1F886C71166927C60052FE64 /* MyListingViewController.m */ = {isa = PBXFileReference; fileEncoding = 4; lastKnownFileType = sourcecode.c.objc; path = MyListingViewController.m; sourceTree = "<group>"; };
		1F89E5FB16581A9800FBC6E7 /* UniFied.app */ = {isa = PBXFileReference; explicitFileType = wrapper.application; includeInIndex = 0; path = UniFied.app; sourceTree = BUILT_PRODUCTS_DIR; };
		1F89E5FF16581A9800FBC6E7 /* UIKit.framework */ = {isa = PBXFileReference; lastKnownFileType = wrapper.framework; name = UIKit.framework; path = System/Library/Frameworks/UIKit.framework; sourceTree = SDKROOT; };
		1F89E60116581A9800FBC6E7 /* Foundation.framework */ = {isa = PBXFileReference; lastKnownFileType = wrapper.framework; name = Foundation.framework; path = System/Library/Frameworks/Foundation.framework; sourceTree = SDKROOT; };
		1F89E60316581A9800FBC6E7 /* CoreGraphics.framework */ = {isa = PBXFileReference; lastKnownFileType = wrapper.framework; name = CoreGraphics.framework; path = System/Library/Frameworks/CoreGraphics.framework; sourceTree = SDKROOT; };
		1F89E60716581A9800FBC6E7 /* UniFied-Info.plist */ = {isa = PBXFileReference; lastKnownFileType = text.plist.xml; path = "UniFied-Info.plist"; sourceTree = "<group>"; };
		1F89E60916581A9800FBC6E7 /* en */ = {isa = PBXFileReference; lastKnownFileType = text.plist.strings; name = en; path = en.lproj/InfoPlist.strings; sourceTree = "<group>"; };
		1F89E60B16581A9800FBC6E7 /* main.m */ = {isa = PBXFileReference; lastKnownFileType = sourcecode.c.objc; path = main.m; sourceTree = "<group>"; };
		1F89E60D16581A9800FBC6E7 /* UniFied-Prefix.pch */ = {isa = PBXFileReference; lastKnownFileType = sourcecode.c.h; path = "UniFied-Prefix.pch"; sourceTree = "<group>"; };
		1F89E60E16581A9800FBC6E7 /* AppDelegate.h */ = {isa = PBXFileReference; lastKnownFileType = sourcecode.c.h; path = AppDelegate.h; sourceTree = "<group>"; };
		1F89E60F16581A9800FBC6E7 /* AppDelegate.m */ = {isa = PBXFileReference; lastKnownFileType = sourcecode.c.objc; path = AppDelegate.m; sourceTree = "<group>"; };
		1F89E61616581AD000FBC6E7 /* MainViewController.h */ = {isa = PBXFileReference; fileEncoding = 4; lastKnownFileType = sourcecode.c.h; path = MainViewController.h; sourceTree = "<group>"; };
		1F89E61716581AD000FBC6E7 /* MainViewController.m */ = {isa = PBXFileReference; fileEncoding = 4; lastKnownFileType = sourcecode.c.objc; path = MainViewController.m; sourceTree = "<group>"; };
		1F89E61916581AF000FBC6E7 /* Storyboard.storyboard */ = {isa = PBXFileReference; fileEncoding = 4; lastKnownFileType = file.storyboard; path = Storyboard.storyboard; sourceTree = "<group>"; };
		1FEF1845165FF9BB00AB5405 /* TPKeyboardAvoidingScrollView.h */ = {isa = PBXFileReference; fileEncoding = 4; lastKnownFileType = sourcecode.c.h; path = TPKeyboardAvoidingScrollView.h; sourceTree = "<group>"; };
		1FEF1846165FF9BB00AB5405 /* TPKeyboardAvoidingScrollView.m */ = {isa = PBXFileReference; fileEncoding = 4; lastKnownFileType = sourcecode.c.objc; path = TPKeyboardAvoidingScrollView.m; sourceTree = "<group>"; };
		1FEF184D165FFD9A00AB5405 /* CreateListingViewController.h */ = {isa = PBXFileReference; fileEncoding = 4; lastKnownFileType = sourcecode.c.h; path = CreateListingViewController.h; sourceTree = "<group>"; };
		1FEF184E165FFD9A00AB5405 /* CreateListingViewController.m */ = {isa = PBXFileReference; fileEncoding = 4; lastKnownFileType = sourcecode.c.objc; path = CreateListingViewController.m; sourceTree = "<group>"; };
		C98ACB0F1665B8EC00CF2A21 /* textbookTableViewController.h */ = {isa = PBXFileReference; fileEncoding = 4; lastKnownFileType = sourcecode.c.h; path = textbookTableViewController.h; sourceTree = "<group>"; };
		C98ACB101665B8EC00CF2A21 /* textbookTableViewController.m */ = {isa = PBXFileReference; fileEncoding = 4; lastKnownFileType = sourcecode.c.objc; path = textbookTableViewController.m; sourceTree = "<group>"; };
		F14CDD3D166926BD00740054 /* textbok_listing_Algorithm_Design.png */ = {isa = PBXFileReference; lastKnownFileType = image.png; path = textbok_listing_Algorithm_Design.png; sourceTree = "<group>"; };
		F14CDD3E166926BD00740054 /* textbok_listing_Calculus.png */ = {isa = PBXFileReference; lastKnownFileType = image.png; path = textbok_listing_Calculus.png; sourceTree = "<group>"; };
		F14CDD3F166926BD00740054 /* textbok_listing_Discrete.png */ = {isa = PBXFileReference; lastKnownFileType = image.png; path = textbok_listing_Discrete.png; sourceTree = "<group>"; };
		F14CDD40166926BD00740054 /* textbok_listing_History.png */ = {isa = PBXFileReference; lastKnownFileType = image.png; path = textbok_listing_History.png; sourceTree = "<group>"; };
		F14CDD41166926BD00740054 /* textbok_listing_poetry.png */ = {isa = PBXFileReference; lastKnownFileType = image.png; path = textbok_listing_poetry.png; sourceTree = "<group>"; };
		F14CDD5C1669424500740054 /* enableDisableData.h */ = {isa = PBXFileReference; fileEncoding = 4; lastKnownFileType = sourcecode.c.h; path = enableDisableData.h; sourceTree = "<group>"; };
		F14CDD5D1669424500740054 /* enableDisableData.m */ = {isa = PBXFileReference; fileEncoding = 4; lastKnownFileType = sourcecode.c.objc; path = enableDisableData.m; sourceTree = "<group>"; };
/* End PBXFileReference section */

/* Begin PBXFrameworksBuildPhase section */
		1F89E5F816581A9800FBC6E7 /* Frameworks */ = {
			isa = PBXFrameworksBuildPhase;
			buildActionMask = 2147483647;
			files = (
				1F89E60016581A9800FBC6E7 /* UIKit.framework in Frameworks */,
				1F89E60216581A9800FBC6E7 /* Foundation.framework in Frameworks */,
				1F89E60416581A9800FBC6E7 /* CoreGraphics.framework in Frameworks */,
			);
			runOnlyForDeploymentPostprocessing = 0;
		};
/* End PBXFrameworksBuildPhase section */

/* Begin PBXGroup section */
		1F89E5F016581A9800FBC6E7 = {
			isa = PBXGroup;
			children = (
				1F89E60516581A9800FBC6E7 /* UniFied */,
				1F89E5FE16581A9800FBC6E7 /* Frameworks */,
				1F89E5FC16581A9800FBC6E7 /* Products */,
			);
			sourceTree = "<group>";
		};
		1F89E5FC16581A9800FBC6E7 /* Products */ = {
			isa = PBXGroup;
			children = (
				1F89E5FB16581A9800FBC6E7 /* UniFied.app */,
			);
			name = Products;
			sourceTree = "<group>";
		};
		1F89E5FE16581A9800FBC6E7 /* Frameworks */ = {
			isa = PBXGroup;
			children = (
				1F89E5FF16581A9800FBC6E7 /* UIKit.framework */,
				1F89E60116581A9800FBC6E7 /* Foundation.framework */,
				1F89E60316581A9800FBC6E7 /* CoreGraphics.framework */,
			);
			name = Frameworks;
			sourceTree = "<group>";
		};
		1F89E60516581A9800FBC6E7 /* UniFied */ = {
			isa = PBXGroup;
			children = (
				1F89E60E16581A9800FBC6E7 /* AppDelegate.h */,
				1F89E60F16581A9800FBC6E7 /* AppDelegate.m */,
				1F0F710B1666EAF100D70861 /* background.jpg */,
				1FEF184D165FFD9A00AB5405 /* CreateListingViewController.h */,
				1FEF184E165FFD9A00AB5405 /* CreateListingViewController.m */,
				1F89E61616581AD000FBC6E7 /* MainViewController.h */,
				1F89E61716581AD000FBC6E7 /* MainViewController.m */,
				1F89E61916581AF000FBC6E7 /* Storyboard.storyboard */,
				1F886C70166927C60052FE64 /* MyListingViewController.h */,
				1F886C71166927C60052FE64 /* MyListingViewController.m */,
				1F0F710E1666EFFB00D70861 /* UnderConstructionViewController.h */,
				1F0F710F1666EFFB00D70861 /* UnderConstructionViewController.m */,
				1F89E60616581A9800FBC6E7 /* Supporting Files */,
				C98ACB0F1665B8EC00CF2A21 /* textbookTableViewController.h */,
				C98ACB101665B8EC00CF2A21 /* textbookTableViewController.m */,
				1FEF1845165FF9BB00AB5405 /* TPKeyboardAvoidingScrollView.h */,
				1FEF1846165FF9BB00AB5405 /* TPKeyboardAvoidingScrollView.m */,
				1F0A85041666947200FF2828 /* ViewListingViewController.h */,
				1F0A85051666947200FF2828 /* ViewListingViewController.m */,
				F14CDD5C1669424500740054 /* enableDisableData.h */,
				F14CDD5D1669424500740054 /* enableDisableData.m */,
			);
			path = UniFied;
			sourceTree = "<group>";
		};
		1F89E60616581A9800FBC6E7 /* Supporting Files */ = {
			isa = PBXGroup;
			children = (
				F14CDD3D166926BD00740054 /* textbok_listing_Algorithm_Design.png */,
				F14CDD3E166926BD00740054 /* textbok_listing_Calculus.png */,
				F14CDD3F166926BD00740054 /* textbok_listing_Discrete.png */,
				F14CDD40166926BD00740054 /* textbok_listing_History.png */,
				F14CDD41166926BD00740054 /* textbok_listing_poetry.png */,
				1F89E60716581A9800FBC6E7 /* UniFied-Info.plist */,
				1F89E60816581A9800FBC6E7 /* InfoPlist.strings */,
				1F89E60B16581A9800FBC6E7 /* main.m */,
				1F89E60D16581A9800FBC6E7 /* UniFied-Prefix.pch */,
			);
			name = "Supporting Files";
			sourceTree = "<group>";
		};
/* End PBXGroup section */

/* Begin PBXNativeTarget section */
		1F89E5FA16581A9800FBC6E7 /* UniFied */ = {
			isa = PBXNativeTarget;
			buildConfigurationList = 1F89E61316581A9800FBC6E7 /* Build configuration list for PBXNativeTarget "UniFied" */;
			buildPhases = (
				1F89E5F716581A9800FBC6E7 /* Sources */,
				1F89E5F816581A9800FBC6E7 /* Frameworks */,
				1F89E5F916581A9800FBC6E7 /* Resources */,
			);
			buildRules = (
			);
			dependencies = (
			);
			name = UniFied;
			productName = UniFied;
			productReference = 1F89E5FB16581A9800FBC6E7 /* UniFied.app */;
			productType = "com.apple.product-type.application";
		};
/* End PBXNativeTarget section */

/* Begin PBXProject section */
		1F89E5F216581A9800FBC6E7 /* Project object */ = {
			isa = PBXProject;
			attributes = {
				LastUpgradeCheck = 0440;
				ORGANIZATIONNAME = Renegades;
			};
			buildConfigurationList = 1F89E5F516581A9800FBC6E7 /* Build configuration list for PBXProject "UniFied" */;
			compatibilityVersion = "Xcode 3.2";
			developmentRegion = English;
			hasScannedForEncodings = 0;
			knownRegions = (
				en,
			);
			mainGroup = 1F89E5F016581A9800FBC6E7;
			productRefGroup = 1F89E5FC16581A9800FBC6E7 /* Products */;
			projectDirPath = "";
			projectRoot = "";
			targets = (
				1F89E5FA16581A9800FBC6E7 /* UniFied */,
			);
		};
/* End PBXProject section */

/* Begin PBXResourcesBuildPhase section */
		1F89E5F916581A9800FBC6E7 /* Resources */ = {
			isa = PBXResourcesBuildPhase;
			buildActionMask = 2147483647;
			files = (
				1F89E60A16581A9800FBC6E7 /* InfoPlist.strings in Resources */,
				1F89E61A16581AF000FBC6E7 /* Storyboard.storyboard in Resources */,
				1F0F710C1666EAF100D70861 /* background.jpg in Resources */,
				F14CDD42166926BD00740054 /* textbok_listing_Algorithm_Design.png in Resources */,
				F14CDD43166926BD00740054 /* textbok_listing_Calculus.png in Resources */,
				F14CDD44166926BD00740054 /* textbok_listing_Discrete.png in Resources */,
				F14CDD45166926BD00740054 /* textbok_listing_History.png in Resources */,
				F14CDD46166926BD00740054 /* textbok_listing_poetry.png in Resources */,
			);
			runOnlyForDeploymentPostprocessing = 0;
		};
/* End PBXResourcesBuildPhase section */

/* Begin PBXSourcesBuildPhase section */
		1F89E5F716581A9800FBC6E7 /* Sources */ = {
			isa = PBXSourcesBuildPhase;
			buildActionMask = 2147483647;
			files = (
				1F89E60C16581A9800FBC6E7 /* main.m in Sources */,
				1F89E61016581A9800FBC6E7 /* AppDelegate.m in Sources */,
				1F89E61816581AD000FBC6E7 /* MainViewController.m in Sources */,
				1FEF1847165FF9BB00AB5405 /* TPKeyboardAvoidingScrollView.m in Sources */,
				1FEF184F165FFD9A00AB5405 /* CreateListingViewController.m in Sources */,
				C98ACB111665B8EC00CF2A21 /* textbookTableViewController.m in Sources */,
				1F0A85061666947200FF2828 /* ViewListingViewController.m in Sources */,
				1F0F71101666EFFB00D70861 /* UnderConstructionViewController.m in Sources */,
				1F886C72166927C60052FE64 /* MyListingViewController.m in Sources */,
				F14CDD5E1669424500740054 /* enableDisableData.m in Sources */,
			);
			runOnlyForDeploymentPostprocessing = 0;
		};
/* End PBXSourcesBuildPhase section */

/* Begin PBXVariantGroup section */
		1F89E60816581A9800FBC6E7 /* InfoPlist.strings */ = {
			isa = PBXVariantGroup;
			children = (
				1F89E60916581A9800FBC6E7 /* en */,
			);
			name = InfoPlist.strings;
			sourceTree = "<group>";
		};
/* End PBXVariantGroup section */

/* Begin XCBuildConfiguration section */
		1F89E61116581A9800FBC6E7 /* Debug */ = {
			isa = XCBuildConfiguration;
			buildSettings = {
				ALWAYS_SEARCH_USER_PATHS = NO;
				ARCHS = "$(ARCHS_STANDARD_32_BIT)";
				CLANG_CXX_LANGUAGE_STANDARD = "gnu++0x";
				CLANG_ENABLE_OBJC_ARC = YES;
				CLANG_WARN__DUPLICATE_METHOD_MATCH = YES;
				"CODE_SIGN_IDENTITY[sdk=iphoneos*]" = "iPhone Developer";
				COPY_PHASE_STRIP = NO;
				GCC_C_LANGUAGE_STANDARD = gnu99;
				GCC_DYNAMIC_NO_PIC = NO;
				GCC_OPTIMIZATION_LEVEL = 0;
				GCC_PREPROCESSOR_DEFINITIONS = (
					"DEBUG=1",
					"$(inherited)",
				);
				GCC_SYMBOLS_PRIVATE_EXTERN = NO;
				GCC_VERSION = com.apple.compilers.llvm.clang.1_0;
				GCC_WARN_ABOUT_RETURN_TYPE = YES;
				GCC_WARN_UNINITIALIZED_AUTOS = YES;
				GCC_WARN_UNUSED_VARIABLE = YES;
				IPHONEOS_DEPLOYMENT_TARGET = 5.1;
				SDKROOT = iphoneos;
				TARGETED_DEVICE_FAMILY = "1,2";
			};
			name = Debug;
		};
		1F89E61216581A9800FBC6E7 /* Release */ = {
			isa = XCBuildConfiguration;
			buildSettings = {
				ALWAYS_SEARCH_USER_PATHS = NO;
				ARCHS = "$(ARCHS_STANDARD_32_BIT)";
				CLANG_CXX_LANGUAGE_STANDARD = "gnu++0x";
				CLANG_ENABLE_OBJC_ARC = YES;
				CLANG_WARN__DUPLICATE_METHOD_MATCH = YES;
				"CODE_SIGN_IDENTITY[sdk=iphoneos*]" = "iPhone Developer";
				COPY_PHASE_STRIP = YES;
				GCC_C_LANGUAGE_STANDARD = gnu99;
				GCC_VERSION = com.apple.compilers.llvm.clang.1_0;
				GCC_WARN_ABOUT_RETURN_TYPE = YES;
				GCC_WARN_UNINITIALIZED_AUTOS = YES;
				GCC_WARN_UNUSED_VARIABLE = YES;
				IPHONEOS_DEPLOYMENT_TARGET = 5.1;
				OTHER_CFLAGS = "-DNS_BLOCK_ASSERTIONS=1";
				SDKROOT = iphoneos;
				TARGETED_DEVICE_FAMILY = "1,2";
				VALIDATE_PRODUCT = YES;
			};
			name = Release;
		};
		1F89E61416581A9800FBC6E7 /* Debug */ = {
			isa = XCBuildConfiguration;
			buildSettings = {
				GCC_PRECOMPILE_PREFIX_HEADER = YES;
				GCC_PREFIX_HEADER = "UniFied/UniFied-Prefix.pch";
				INFOPLIST_FILE = "UniFied/UniFied-Info.plist";
				PRODUCT_NAME = "$(TARGET_NAME)";
				TARGETED_DEVICE_FAMILY = 1;
				WRAPPER_EXTENSION = app;
			};
			name = Debug;
		};
		1F89E61516581A9800FBC6E7 /* Release */ = {
			isa = XCBuildConfiguration;
			buildSettings = {
				GCC_PRECOMPILE_PREFIX_HEADER = YES;
				GCC_PREFIX_HEADER = "UniFied/UniFied-Prefix.pch";
				INFOPLIST_FILE = "UniFied/UniFied-Info.plist";
				PRODUCT_NAME = "$(TARGET_NAME)";
				TARGETED_DEVICE_FAMILY = 1;
				WRAPPER_EXTENSION = app;
			};
			name = Release;
		};
/* End XCBuildConfiguration section */

/* Begin XCConfigurationList section */
		1F89E5F516581A9800FBC6E7 /* Build configuration list for PBXProject "UniFied" */ = {
			isa = XCConfigurationList;
			buildConfigurations = (
				1F89E61116581A9800FBC6E7 /* Debug */,
				1F89E61216581A9800FBC6E7 /* Release */,
			);
			defaultConfigurationIsVisible = 0;
			defaultConfigurationName = Release;
		};
		1F89E61316581A9800FBC6E7 /* Build configuration list for PBXNativeTarget "UniFied" */ = {
			isa = XCConfigurationList;
			buildConfigurations = (
				1F89E61416581A9800FBC6E7 /* Debug */,
				1F89E61516581A9800FBC6E7 /* Release */,
			);
			defaultConfigurationIsVisible = 0;
			defaultConfigurationName = Release;
		};
/* End XCConfigurationList section */
	};
	rootObject = 1F89E5F216581A9800FBC6E7 /* Project object */;
}
